{
    "_meta": {
        "hash": {
            "sha256": "427b470cd3c424f8652632bb6dbc559c959203946dd9898452eed1fe93204786"
        },
        "pipfile-spec": 6,
        "requires": {
            "python_version": "3.7"
        },
        "sources": [
            {
                "name": "pypi",
                "url": "https://pypi.org/simple",
                "verify_ssl": true
            }
        ]
    },
    "default": {
        "attrs": {
            "hashes": [
                "sha256:08a96c641c3a74e44eb59afb61a24f2cb9f4d7188748e76ba4bb5edfa3cb7d1c",
                "sha256:f7b7ce16570fe9965acd6d30101a28f62fb4a7f9e926b3bbc9b61f8b04247e72"
            ],
            "version": "==19.3.0"
        },
        "certifi": {
            "hashes": [
                "sha256:017c25db2a153ce562900032d5bc68e9f191e44e9a0f762f373977de9df1fbb3",
                "sha256:25b64c7da4cd7479594d035c08c2d809eb4aab3a26e5a990ea98cc450c320f1f"
            ],
            "version": "==2019.11.28"
        },
        "click": {
            "hashes": [
                "sha256:2335065e6395b9e67ca716de5f7526736bfa6ceead690adf616d925bdc622b13",
                "sha256:5b94b49521f6456670fdb30cd82a4eca9412788a93fa6dd6df72c94d5a8ff2d7"
            ],
            "version": "==7.0"
        },
        "click-plugins": {
            "hashes": [
                "sha256:46ab999744a9d831159c3411bb0c79346d94a444df9a3a3742e9ed63645f264b",
                "sha256:5d262006d3222f5057fd81e1623d4443e41dcda5dc815c06b442aa3c02889fc8"
            ],
            "version": "==1.1.1"
        },
        "cligj": {
            "hashes": [
                "sha256:20f24ce9abfde3f758aec3399e6811b936b6772f360846c662c19bf5537b4f14",
                "sha256:60c93dda4499562eb87509a8ff3535a7441053b766c9c26bcf874a732f939c7c",
                "sha256:6c7d52d529a78712491974f975c33473f430c0f7beb18c0d7a402a743dcb460a"
            ],
            "version": "==0.5.0"
        },
        "fiona": {
            "hashes": [
                "sha256:1c9ff0f799d41570fd9e2d40bbad174bab8787e9149fed04364488349109b944",
                "sha256:1e7ca9e051f5bffa1c43c70d573da9ca223fc076b84fa73380614fc02b9eb7f6",
                "sha256:580aa20c52bbfbb758d3ff96369a5fce44c6d5cb01d2822a69b144f5322fc184",
                "sha256:67036d762044b74db18a76343a264f2093b44c4ae028212c0e21b8d26822d79c",
                "sha256:8a5fe4d20066e405b80eac65804d9c8cba0204ef263b95200018236744705022",
                "sha256:8cdc5c0519f15d8705b16907a96e2edb279ded1c071f8776d5b328b9fc8b3e92",
                "sha256:c2d6d30f706b743dd39b0f4b6978f3a76facd424b4f570060150b67daf1e9680",
                "sha256:f55cc9d11289cdae8f38f177523ac66848ace942f0f86e84f8004c6e6383c2fb",
                "sha256:fea708ac21801cf5db752cc29040bbe27af47768c915b5be2050792eaefe15c1"
            ],
            "version": "==1.8.11"
        },
        "geobuf": {
            "hashes": [
                "sha256:9c645a2ef7c0a8679b1088981e286357823a2291322de6d0b9ee523212933e9a",
                "sha256:a6b81a0a09505996ee23b6caa303cde8c0d2f75d31826241a452a19bf675f8c2",
                "sha256:e6298e0608b2fcb4fc23530760fbe03862449f44ac5f5065aeb9304ce3d23299"
            ],
            "index": "pypi",
            "version": "==1.1.1"
        },
        "geopandas": {
            "hashes": [
                "sha256:684b4f8b2452638f9f1d43aed6a44bf0638b739a403f19f8a74f3f9beef94e41",
                "sha256:692ff115c91937f43cad65bc5bba012059f8d968943ba85ba314a734bb727bc4"
            ],
            "index": "pypi",
            "version": "==0.6.2"
        },
        "munch": {
            "hashes": [
                "sha256:2d735f6f24d4dba3417fa448cae40c6e896ec1fdab6cdb5e6510999758a4dbd2",
                "sha256:6f44af89a2ce4ed04ff8de41f70b226b984db10a91dcc7b9ac2efc1c77022fdd"
            ],
            "version": "==2.5.0"
        },
        "numpy": {
            "hashes": [
                "sha256:0a7a1dd123aecc9f0076934288ceed7fd9a81ba3919f11a855a7887cbe82a02f",
                "sha256:0c0763787133dfeec19904c22c7e358b231c87ba3206b211652f8cbe1241deb6",
                "sha256:3d52298d0be333583739f1aec9026f3b09fdfe3ddf7c7028cb16d9d2af1cca7e",
                "sha256:43bb4b70585f1c2d153e45323a886839f98af8bfa810f7014b20be714c37c447",
                "sha256:475963c5b9e116c38ad7347e154e5651d05a2286d86455671f5b1eebba5feb76",
                "sha256:64874913367f18eb3013b16123c9fed113962e75d809fca5b78ebfbb73ed93ba",
                "sha256:683828e50c339fc9e68720396f2de14253992c495fdddef77a1e17de55f1decc",
                "sha256:6ca4000c4a6f95a78c33c7dadbb9495c10880be9c89316aa536eac359ab820ae",
                "sha256:75fd817b7061f6378e4659dd792c84c0b60533e867f83e0d1e52d5d8e53df88c",
                "sha256:7d81d784bdbed30137aca242ab307f3e65c8d93f4c7b7d8f322110b2e90177f9",
                "sha256:8d0af8d3664f142414fd5b15cabfd3b6cc3ef242a3c7a7493257025be5a6955f",
                "sha256:9679831005fb16c6df3dd35d17aa31dc0d4d7573d84f0b44cc481490a65c7725",
                "sha256:a8f67ebfae9f575d85fa859b54d3bdecaeece74e3274b0b5c5f804d7ca789fe1",
                "sha256:acbf5c52db4adb366c064d0b7c7899e3e778d89db585feadd23b06b587d64761",
                "sha256:ada4805ed51f5bcaa3a06d3dd94939351869c095e30a2b54264f5a5004b52170",
                "sha256:c7354e8f0eca5c110b7e978034cd86ed98a7a5ffcf69ca97535445a595e07b8e",
                "sha256:e2e9d8c87120ba2c591f60e32736b82b67f72c37ba88a4c23c81b5b8fa49c018",
                "sha256:e467c57121fe1b78a8f68dd9255fbb3bb3f4f7547c6b9e109f31d14569f490c3",
                "sha256:ede47b98de79565fcd7f2decb475e2dcc85ee4097743e551fe26cfc7eb3ff143",
                "sha256:f58913e9227400f1395c7b800503ebfdb0772f1c33ff8cb4d6451c06cabdf316",
                "sha256:fe39f5fd4103ec4ca3cb8600b19216cd1ff316b4990f4c0b6057ad982c0a34d5"
            ],
            "version": "==1.17.4"
        },
        "pandas": {
            "hashes": [
                "sha256:00dff3a8e337f5ed7ad295d98a31821d3d0fe7792da82d78d7fd79b89c03ea9d",
                "sha256:22361b1597c8c2ffd697aa9bf85423afa9e1fcfa6b1ea821054a244d5f24d75e",
                "sha256:255920e63850dc512ce356233081098554d641ba99c3767dde9e9f35630f994b",
                "sha256:26382aab9c119735908d94d2c5c08020a4a0a82969b7e5eefb92f902b3b30ad7",
                "sha256:33970f4cacdd9a0ddb8f21e151bfb9f178afb7c36eb7c25b9094c02876f385c2",
                "sha256:4545467a637e0e1393f7d05d61dace89689ad6d6f66f267f86fff737b702cce9",
                "sha256:52da74df8a9c9a103af0a72c9d5fdc8e0183a90884278db7f386b5692a2220a4",
                "sha256:61741f5aeb252f39c3031d11405305b6d10ce663c53bc3112705d7ad66c013d0",
                "sha256:6a3ac2c87e4e32a969921d1428525f09462770c349147aa8e9ab95f88c71ec71",
                "sha256:7458c48e3d15b8aaa7d575be60e1e4dd70348efcd9376656b72fecd55c59a4c3",
                "sha256:78bf638993219311377ce9836b3dc05f627a666d0dbc8cec37c0ff3c9ada673b",
                "sha256:8153705d6545fd9eb6dd2bc79301bff08825d2e2f716d5dced48daafc2d0b81f",
                "sha256:975c461accd14e89d71772e89108a050fa824c0b87a67d34cedf245f6681fc17",
                "sha256:9962957a27bfb70ab64103d0a7b42fa59c642fb4ed4cb75d0227b7bb9228535d",
                "sha256:adc3d3a3f9e59a38d923e90e20c4922fc62d1e5a03d083440468c6d8f3f1ae0a",
                "sha256:bbe3eb765a0b1e578833d243e2814b60c825b7fdbf4cdfe8e8aae8a08ed56ecf",
                "sha256:df8864824b1fe488cf778c3650ee59c3a0d8f42e53707de167ba6b4f7d35f133",
                "sha256:e45055c30a608076e31a9fcd780a956ed3b1fa20db61561b8d88b79259f526f7",
                "sha256:ee50c2142cdcf41995655d499a157d0a812fce55c97d9aad13bc1eef837ed36c"
            ],
            "index": "pypi",
            "version": "==0.25.3"
        },
        "pbr": {
            "hashes": [
                "sha256:139d2625547dbfa5fb0b81daebb39601c478c21956dc57e2e07b74450a8c506b",
                "sha256:61aa52a0f18b71c5cc58232d2cf8f8d09cd67fcad60b742a60124cb8d6951488"
            ],
            "version": "==5.4.4"
        },
        "pipenv": {
            "hashes": [
                "sha256:56ad5f5cb48f1e58878e14525a6e3129d4306049cb76d2f6a3e95df0d5fc6330",
                "sha256:7df8e33a2387de6f537836f48ac6fcd94eda6ed9ba3d5e3fd52e35b5bc7ff49e",
                "sha256:a673e606e8452185e9817a987572b55360f4d28b50831ef3b42ac3cab3fee846"
            ],
            "version": "==2018.11.26"
        },
        "pipenv-to-requirements": {
            "hashes": [
                "sha256:115390158232f53983f1d989f922d890adbdaaaa95c8b2357a77b9f5fe647862",
                "sha256:5b7349e76d2c511e8b4a723495311b310e4e33bb716437b30cc18ecb0b0b5e29"
            ],
            "index": "pypi",
            "version": "==0.8.2"
        },
        "protobuf": {
            "hashes": [
                "sha256:0265379852b9e1f76af6d3d3fe4b3c383a595cc937594bda8565cf69a96baabd",
                "sha256:29bd1ed46b2536ad8959401a2f02d2d7b5a309f8e97518e4f92ca6c5ba74dbed",
                "sha256:3175d45698edb9a07c1a78a1a4850e674ce8988f20596580158b1d0921d0f057",
                "sha256:34a7270940f86da7a28be466ac541c89b6dbf144a6348b9cf7ac6f56b71006ce",
                "sha256:38cbc830a4a5ba9956763b0f37090bfd14dd74e72762be6225de2ceac55f4d03",
                "sha256:665194f5ad386511ac8d8a0bd57b9ab37b8dd2cd71969458777318e774b9cd46",
                "sha256:839bad7d115c77cdff29b488fae6a3ab503ce9a4192bd4c42302a6ea8e5d0f33",
                "sha256:934a9869a7f3b0d84eca460e386fba1f7ba2a0c1a120a2648bc41fadf50efd1c",
                "sha256:aecdf12ef6dc7fd91713a6da93a86c2f2a8fe54840a3b1670853a2b7402e77c9",
                "sha256:c4e90bc27c0691c76e09b5dc506133451e52caee1472b8b3c741b7c912ce43ef",
                "sha256:c65d135ea2d85d40309e268106dab02d3bea723db2db21c23ecad4163ced210b",
                "sha256:c98dea04a1ff41a70aff2489610f280004831798cb36a068013eed04c698903d",
                "sha256:d9049aa194378a426f0b2c784e2054565bf6f754d20fcafdee7102a6250556e8",
                "sha256:e028fee51c96de4e81924484c77111dfdea14010ecfc906ea5b252209b0c4de6",
                "sha256:e84ad26fb50091b1ea676403c0dd2bd47663099454aa6d88000b1dafecab0941",
                "sha256:e88a924b591b06d0191620e9c8aa75297b3111066bb09d49a24bae1054a10c13"
            ],
            "version": "==3.11.1"
        },
        "pyproj": {
            "hashes": [
                "sha256:0608ac0aed84dcf57c859df87ac315b9acce18268f62bafc04071b7b1ff1c5a9",
                "sha256:18265fb755e01df1d2248f1e837d81da4c9625e8f09481d64a9d6282c96f7467",
                "sha256:190540946bb6fbfce285f46c08fcfd9d03e9331a0e952a3ef2047e6b8e8d8125",
                "sha256:1da7f86d3b5e80ba3dabfd2c904a41bb6997ad9b55b47a934035492eaa0f331e",
                "sha256:2ebbaee33e076664058effc3f6c943ed4c19a45df3989203ac081fca4a4722e3",
                "sha256:32168c57450a1e6310b7ca331983d62d88393cc3e93b866fd6ea63dac30c7d3b",
                "sha256:34b8ccf42032d89ebb8e0a839ae91e943ed222dab9bf3c1373f6fb972f8bcac4",
                "sha256:432b4d28030635fac72713610aad2ed7424a7f07746fa1aa620c89761eb5e7a4",
                "sha256:55103aa0adf25d207efd6f7f36d79dadee7706f22c1791955cc52033b40071e3",
                "sha256:6bc74337edc1239f8c59d0d5b18a7996670b8fd523712d2dac599d5b792feae2",
                "sha256:6d2838bec2d9ccd31dba68c76e8e7504bf819a4d4ace86adfca1e009d8f30f19",
                "sha256:763ccac4398889cb798668824d34c4135f2e84a50681465a4199554aa1bd8611",
                "sha256:8dbf1633ad2abdae6f73fe8989700c74a12dc82cb8597e66af28ff3d990d9c45",
                "sha256:8ddffa4bcd9008c963840e8e79f2f3124f85f18d5987d4bbd9e7f38d9839a985",
                "sha256:8f225c6186b0cd2cb07fe377786425a2ddc4183ae438fe63c60b4a879c91620f",
                "sha256:97844a87cac739e389d1d0c69bc3b36c1d5c50c9f91443ef68bdef8fdf007f02",
                "sha256:9d7a13def19a91836a2c84e5c7fcb6dd5e2c9bb205fb75ee102ffba24d80bf32",
                "sha256:abd0784a017eedb3b03cd13f51b8852f4c68aa07affbee549bbd421f9b4268bb",
                "sha256:acf150ca1506fcdaa52b0570f2903216413a2a4da78dfdf5ff7ee4eb92c2f8d5",
                "sha256:b41522f8b77b64553280fb93823555bc8afb2469f77b8ce0e9aeed39abb50adc",
                "sha256:c1058da6c02152d8637bb739dca940c6ab72683e59db6065fdcbe9102f66ca46",
                "sha256:c70e713748c9c9d4a9d7bc42e1c71a17b1fc9b75b686b408a04eaf4909ead365",
                "sha256:d47caa0a89dcb39ecd405e3899e07b69d8eaa6dbf267621087a4a5328da8492a",
                "sha256:ed186edb4b610ed1e5589f3ba964d61da33d0bc54e89b8cbf8751da2e18555b3",
                "sha256:f2dc8c2128f20ee9ed571783ce4730b181476083c403514714e15000b8b470cf",
                "sha256:fba87f98344474da6df19bbfde4ca31c7d98a007069c8ef78cb27189f4bc7f04"
            ],
            "version": "==2.4.2.post1"
        },
        "python-dateutil": {
            "hashes": [
                "sha256:73ebfe9dbf22e832286dafa60473e4cd239f8592f699aa5adaf10050e6e1823c",
                "sha256:75bb3f31ea686f1197762692a9ee6a7550b59fc6ca3a1f4b5d7e32fb98e2da2a"
            ],
            "version": "==2.8.1"
        },
        "pytz": {
            "hashes": [
                "sha256:1c557d7d0e871de1f5ccd5833f60fb2550652da6be2693c1e02300743d21500d",
                "sha256:b02c06db6cf09c12dd25137e563b31700d3b80fcc4ad23abb7a315f2789819be"
            ],
            "version": "==2019.3"
        },
        "shapely": {
            "hashes": [
                "sha256:0acc128a75085ceb8d06ff1f977c0543b066318588b9efee4c0058969c294ddf",
                "sha256:2482052bf690abf07429ae080ce98992c9ffca61ae9d1625abb75ef1dc537ad0",
                "sha256:2a5cd243945e1a9ba4659804c0d626cc59f8434d9d86652a2f00554d7657914e",
                "sha256:3e2d7a4f273942542faa1984c2f078250eece2a82e70d0c71252f26d3d2cc203",
                "sha256:5e3760ca3614181e0c8ce2f98b371392a86078fba40431c8c3696d36ea4184ec",
                "sha256:61070b237faf24e87ecc15549d8ca00c216273a03a83f1e5a5704a77a16517c5",
                "sha256:66aab79043fbf176f09e53c6fd9939d61a23ca97ed010722b95957025437f474",
                "sha256:673b61161c8e396a569eabf67cbaf63628f13848ea7f7103a260fd19a4da154c",
                "sha256:911284f46bd7e449ae77ef6e7a97b2f9acca48f683265608fc2e0bf937d864bb",
                "sha256:d215b086761c86117e605429452af0875149bf61cbc7e3cc62f490e65aba9600",
                "sha256:d90f957f8643045b24f8953ec6a1f1edfca4baf359338b027e5976f3796746b2"
            ],
            "version": "==1.7a2"
        },
        "simpledbf": {
            "hashes": [
                "sha256:345d4f1e58549c4a6ad8079d6ed65ad8550ccdc1acd8444a946cdb04d0212af4"
            ],
            "index": "pypi",
            "version": "==0.2.6"
        },
        "six": {
            "hashes": [
                "sha256:1f1b7d42e254082a9db6279deae68afb421ceba6158efa6131de7b3003ee93fd",
                "sha256:30f610279e8b2578cab6db20741130331735c781b56053c59c4076da27f06b66"
            ],
            "version": "==1.13.0"
        },
        "topojson": {
            "hashes": [
                "sha256:30553b3d3912e0ab2598ed8abbb8321ea1c6fb5d2df46b6c3eaad916ec5a8e98",
                "sha256:f738326cacc6edec677bdbb8da4bb8b3f4be6048a0d70855523e1023b9db5b70"
            ],
            "index": "pypi",
            "version": "==1.0rc7"
        },
        "virtualenv": {
            "hashes": [
                "sha256:116655188441670978117d0ebb6451eb6a7526f9ae0796cc0dee6bd7356909b0",
                "sha256:b57776b44f91511866594e477dd10e76a6eb44439cdd7f06dcd30ba4c5bd854f"
            ],
            "version": "==16.7.8"
        },
        "virtualenv-clone": {
            "hashes": [
                "sha256:532f789a5c88adf339506e3ca03326f20ee82fd08ee5586b44dc859b5b4468c5",
                "sha256:c88ae171a11b087ea2513f260cdac9232461d8e9369bcd1dc143fc399d220557"
            ],
            "version": "==0.5.3"
        }
    },
    "develop": {}
}
